
Microsoft Visual Studio Solution File, Format Version 12.00
# Visual Studio Version 17
VisualStudioVersion = 17.0.31903.59
MinimumVisualStudioVersion = 10.0.40219.1
Project("{2150E333-8FDC-42A3-9474-1A3956D46DE8}") = "src", "src", "{827E0CD3-B72D-47B6-A68D-7590B98EB39B}"
EndProject
Project("{2150E333-8FDC-42A3-9474-1A3956D46DE8}") = "Infrastructure", "Infrastructure", "{9048EB7F-3875-A59E-E36B-5BD4C6F2A282}"
EndProject
Project("{FAE04EC0-301F-11D3-BF4B-00C04F79EFBC}") = "NexusPort.Infrastructure", "src\Infrastructure\NexusPort.Infrastructure.csproj", "{B8740B69-1E52-45FA-8F5F-85EA63D9703C}"
EndProject
Project("{2150E333-8FDC-42A3-9474-1A3956D46DE8}") = "Shared", "Shared", "{C8E42992-5E42-0C2B-DBFE-AA848D06431C}"
EndProject
Project("{FAE04EC0-301F-11D3-BF4B-00C04F79EFBC}") = "NexusPort.Shared", "src\Shared\NexusPort.Shared.csproj", "{80676347-7BE7-48D9-8B2A-60BBE564109A}"
EndProject
Project("{2150E333-8FDC-42A3-9474-1A3956D46DE8}") = "Modules", "Modules", "{EC447DCF-ABFA-6E24-52A5-D7FD48A5C558}"
EndProject
Project("{2150E333-8FDC-42A3-9474-1A3956D46DE8}") = "Berth", "Berth", "{C1477DD9-B9A6-C1BE-E703-9DE1A9AB75E3}"
EndProject
Project("{FAE04EC0-301F-11D3-BF4B-00C04F79EFBC}") = "NexusPort.Modules.Berth", "src\Modules\Berth\NexusPort.Modules.Berth.csproj", "{158F57A2-C6C0-428C-A927-8EE626944610}"
EndProject
Project("{2150E333-8FDC-42A3-9474-1A3956D46DE8}") = "Booking", "Booking", "{FC0D8A46-3DC7-E91E-C357-28F70C4DB3C6}"
EndProject
Project("{FAE04EC0-301F-11D3-BF4B-00C04F79EFBC}") = "NexusPort.Modules.Booking", "src\Modules\Booking\NexusPort.Modules.Booking.csproj", "{B9482C43-0C36-4549-B58B-FF7C1D934197}"
EndProject
Project("{2150E333-8FDC-42A3-9474-1A3956D46DE8}") = "Container", "Container", "{4476F213-2463-C852-3A25-F73BA4167726}"
EndProject
Project("{FAE04EC0-301F-11D3-BF4B-00C04F79EFBC}") = "NexusPort.Modules.Container", "src\Modules\Container\NexusPort.Modules.Container.csproj", "{9813CD88-4ABD-4A17-9BD9-1E02246061E0}"
EndProject
Project("{2150E333-8FDC-42A3-9474-1A3956D46DE8}") = "Dispatcher", "Dispatcher", "{0EEE49B8-24C3-BC7B-5D73-63893A9B4D1C}"
EndProject
Project("{FAE04EC0-301F-11D3-BF4B-00C04F79EFBC}") = "NexusPort.Modules.Dispatcher", "src\Modules\Dispatcher\NexusPort.Modules.Dispatcher.csproj", "{AD5A25F1-1335-4FAC-9B41-718EA05ACC65}"
EndProject
Project("{2150E333-8FDC-42A3-9474-1A3956D46DE8}") = "Driver", "Driver", "{B7463ED5-7AE9-C615-C175-EB79B272378A}"
EndProject
Project("{FAE04EC0-301F-11D3-BF4B-00C04F79EFBC}") = "NexusPort.Modules.Driver", "src\Modules\Driver\NexusPort.Modules.Driver.csproj", "{4F11B8F8-4EBB-437E-9E1A-F98AE20EB5F4}"
EndProject
Project("{2150E333-8FDC-42A3-9474-1A3956D46DE8}") = "Equipment", "Equipment", "{C8A5DB89-FEB2-74E9-1067-6A4E942BC9A6}"
EndProject
Project("{FAE04EC0-301F-11D3-BF4B-00C04F79EFBC}") = "NexusPort.Modules.Equipment", "src\Modules\Equipment\NexusPort.Modules.Equipment.csproj", "{51C6E039-40FD-4A2C-84C2-DCED4DD6C434}"
EndProject
Project("{2150E333-8FDC-42A3-9474-1A3956D46DE8}") = "Gate", "Gate", "{9906B968-5002-AF8B-537C-B50DE329B477}"
EndProject
Project("{FAE04EC0-301F-11D3-BF4B-00C04F79EFBC}") = "NexusPort.Modules.Gate", "src\Modules\Gate\NexusPort.Modules.Gate.csproj", "{D408976E-9BCA-4F47-B7C8-87F72AF0229E}"
EndProject
Project("{2150E333-8FDC-42A3-9474-1A3956D46DE8}") = "Identity", "Identity", "{0EC62A1A-9858-3A60-8A0C-FC9AACFA2EC7}"
EndProject
Project("{FAE04EC0-301F-11D3-BF4B-00C04F79EFBC}") = "NexusPort.Modules.Identity", "src\Modules\Identity\NexusPort.Modules.Identity.csproj", "{FDF08A74-A3D9-4573-9FC5-C1A93111AD1C}"
EndProject
Project("{2150E333-8FDC-42A3-9474-1A3956D46DE8}") = "Vehicle", "Vehicle", "{A64175F6-D054-87AC-1CC7-8EC2F2D119BA}"
EndProject
Project("{FAE04EC0-301F-11D3-BF4B-00C04F79EFBC}") = "NexusPort.Modules.Vehicle", "src\Modules\Vehicle\NexusPort.Modules.Vehicle.csproj", "{B9E09AA8-5747-4722-99D8-859298F25653}"
EndProject
Project("{2150E333-8FDC-42A3-9474-1A3956D46DE8}") = "Vessel", "Vessel", "{CD0E0E9C-C4DF-54D1-2322-7FE86DEB1CF1}"
EndProject
Project("{FAE04EC0-301F-11D3-BF4B-00C04F79EFBC}") = "NexusPort.Modules.Vessel", "src\Modules\Vessel\NexusPort.Modules.Vessel.csproj", "{049F073C-BBEE-49DB-80EB-9A2484F82C39}"
EndProject
Project("{2150E333-8FDC-42A3-9474-1A3956D46DE8}") = "Yard", "Yard", "{7BF07D46-ADA1-7B75-258F-925015F80633}"
EndProject
Project("{FAE04EC0-301F-11D3-BF4B-00C04F79EFBC}") = "NexusPort.Modules.Yard", "src\Modules\Yard\NexusPort.Modules.Yard.csproj", "{58722F36-48E8-4763-B03C-C9A91E4D88F1}"
EndProject
Project("{FAE04EC0-301F-11D3-BF4B-00C04F79EFBC}") = "NexusPort.Api", "src\NexusPort.Api\NexusPort.Api.csproj", "{997A8A57-8B27-4D31-99DA-9A6A43E5A0D0}"
EndProject
Project("{2150E333-8FDC-42A3-9474-1A3956D46DE8}") = "Carrier", "Carrier", "{55CB054A-9FFF-99E3-F5F6-93937756980C}"
EndProject
Project("{FAE04EC0-301F-11D3-BF4B-00C04F79EFBC}") = "NexusPort.Modules.Carrier", "src\Modules\Carrier\NexusPort.Modules.Carrier.csproj", "{2FCE1E47-3EFE-41E0-B96C-4C6BFE6A7126}"
EndProject
Global
	GlobalSection(SolutionConfigurationPlatforms) = preSolution
		Debug|Any CPU = Debug|Any CPU
		Debug|x64 = Debug|x64
		Debug|x86 = Debug|x86
		Release|Any CPU = Release|Any CPU
		Release|x64 = Release|x64
		Release|x86 = Release|x86
	EndGlobalSection
	GlobalSection(ProjectConfigurationPlatforms) = postSolution
		{B8740B69-1E52-45FA-8F5F-85EA63D9703C}.Debug|Any CPU.ActiveCfg = Debug|Any CPU
		{B8740B69-1E52-45FA-8F5F-85EA63D9703C}.Debug|Any CPU.Build.0 = Debug|Any CPU
		{B8740B69-1E52-45FA-8F5F-85EA63D9703C}.Debug|x64.ActiveCfg = Debug|Any CPU
		{B8740B69-1E52-45FA-8F5F-85EA63D9703C}.Debug|x64.Build.0 = Debug|Any CPU
		{B8740B69-1E52-45FA-8F5F-85EA63D9703C}.Debug|x86.ActiveCfg = Debug|Any CPU
		{B8740B69-1E52-45FA-8F5F-85EA63D9703C}.Debug|x86.Build.0 = Debug|Any CPU
		{B8740B69-1E52-45FA-8F5F-85EA63D9703C}.Release|Any CPU.ActiveCfg = Release|Any CPU
		{B8740B69-1E52-45FA-8F5F-85EA63D9703C}.Release|Any CPU.Build.0 = Release|Any CPU
		{B8740B69-1E52-45FA-8F5F-85EA63D9703C}.Release|x64.ActiveCfg = Release|Any CPU
		{B8740B69-1E52-45FA-8F5F-85EA63D9703C}.Release|x64.Build.0 = Release|Any CPU
		{B8740B69-1E52-45FA-8F5F-85EA63D9703C}.Release|x86.ActiveCfg = Release|Any CPU
		{B8740B69-1E52-45FA-8F5F-85EA63D9703C}.Release|x86.Build.0 = Release|Any CPU
		{80676347-7BE7-48D9-8B2A-60BBE564109A}.Debug|Any CPU.ActiveCfg = Debug|Any CPU
		{80676347-7BE7-48D9-8B2A-60BBE564109A}.Debug|Any CPU.Build.0 = Debug|Any CPU
		{80676347-7BE7-48D9-8B2A-60BBE564109A}.Debug|x64.ActiveCfg = Debug|Any CPU
		{80676347-7BE7-48D9-8B2A-60BBE564109A}.Debug|x64.Build.0 = Debug|Any CPU
		{80676347-7BE7-48D9-8B2A-60BBE564109A}.Debug|x86.ActiveCfg = Debug|Any CPU
		{80676347-7BE7-48D9-8B2A-60BBE564109A}.Debug|x86.Build.0 = Debug|Any CPU
		{80676347-7BE7-48D9-8B2A-60BBE564109A}.Release|Any CPU.ActiveCfg = Release|Any CPU
		{80676347-7BE7-48D9-8B2A-60BBE564109A}.Release|Any CPU.Build.0 = Release|Any CPU
		{80676347-7BE7-48D9-8B2A-60BBE564109A}.Release|x64.ActiveCfg = Release|Any CPU
		{80676347-7BE7-48D9-8B2A-60BBE564109A}.Release|x64.Build.0 = Release|Any CPU
		{80676347-7BE7-48D9-8B2A-60BBE564109A}.Release|x86.ActiveCfg = Release|Any CPU
		{80676347-7BE7-48D9-8B2A-60BBE564109A}.Release|x86.Build.0 = Release|Any CPU
		{158F57A2-C6C0-428C-A927-8EE626944610}.Debug|Any CPU.ActiveCfg = Debug|Any CPU
		{158F57A2-C6C0-428C-A927-8EE626944610}.Debug|Any CPU.Build.0 = Debug|Any CPU
		{158F57A2-C6C0-428C-A927-8EE626944610}.Debug|x64.ActiveCfg = Debug|Any CPU
		{158F57A2-C6C0-428C-A927-8EE626944610}.Debug|x64.Build.0 = Debug|Any CPU
		{158F57A2-C6C0-428C-A927-8EE626944610}.Debug|x86.ActiveCfg = Debug|Any CPU
		{158F57A2-C6C0-428C-A927-8EE626944610}.Debug|x86.Build.0 = Debug|Any CPU
		{158F57A2-C6C0-428C-A927-8EE626944610}.Release|Any CPU.ActiveCfg = Release|Any CPU
		{158F57A2-C6C0-428C-A927-8EE626944610}.Release|Any CPU.Build.0 = Release|Any CPU
		{158F57A2-C6C0-428C-A927-8EE626944610}.Release|x64.ActiveCfg = Release|Any CPU
		{158F57A2-C6C0-428C-A927-8EE626944610}.Release|x64.Build.0 = Release|Any CPU
		{158F57A2-C6C0-428C-A927-8EE626944610}.Release|x86.ActiveCfg = Release|Any CPU
		{158F57A2-C6C0-428C-A927-8EE626944610}.Release|x86.Build.0 = Release|Any CPU
		{B9482C43-0C36-4549-B58B-FF7C1D934197}.Debug|Any CPU.ActiveCfg = Debug|Any CPU
		{B9482C43-0C36-4549-B58B-FF7C1D934197}.Debug|Any CPU.Build.0 = Debug|Any CPU
		{B9482C43-0C36-4549-B58B-FF7C1D934197}.Debug|x64.ActiveCfg = Debug|Any CPU
		{B9482C43-0C36-4549-B58B-FF7C1D934197}.Debug|x64.Build.0 = Debug|Any CPU
		{B9482C43-0C36-4549-B58B-FF7C1D934197}.Debug|x86.ActiveCfg = Debug|Any CPU
		{B9482C43-0C36-4549-B58B-FF7C1D934197}.Debug|x86.Build.0 = Debug|Any CPU
		{B9482C43-0C36-4549-B58B-FF7C1D934197}.Release|Any CPU.ActiveCfg = Release|Any CPU
		{B9482C43-0C36-4549-B58B-FF7C1D934197}.Release|Any CPU.Build.0 = Release|Any CPU
		{B9482C43-0C36-4549-B58B-FF7C1D934197}.Release|x64.ActiveCfg = Release|Any CPU
		{B9482C43-0C36-4549-B58B-FF7C1D934197}.Release|x64.Build.0 = Release|Any CPU
		{B9482C43-0C36-4549-B58B-FF7C1D934197}.Release|x86.ActiveCfg = Release|Any CPU
		{B9482C43-0C36-4549-B58B-FF7C1D934197}.Release|x86.Build.0 = Release|Any CPU
		{9813CD88-4ABD-4A17-9BD9-1E02246061E0}.Debug|Any CPU.ActiveCfg = Debug|Any CPU
		{9813CD88-4ABD-4A17-9BD9-1E02246061E0}.Debug|Any CPU.Build.0 = Debug|Any CPU
		{9813CD88-4ABD-4A17-9BD9-1E02246061E0}.Debug|x64.ActiveCfg = Debug|Any CPU
		{9813CD88-4ABD-4A17-9BD9-1E02246061E0}.Debug|x64.Build.0 = Debug|Any CPU
		{9813CD88-4ABD-4A17-9BD9-1E02246061E0}.Debug|x86.ActiveCfg = Debug|Any CPU
		{9813CD88-4ABD-4A17-9BD9-1E02246061E0}.Debug|x86.Build.0 = Debug|Any CPU
		{9813CD88-4ABD-4A17-9BD9-1E02246061E0}.Release|Any CPU.ActiveCfg = Release|Any CPU
		{9813CD88-4ABD-4A17-9BD9-1E02246061E0}.Release|Any CPU.Build.0 = Release|Any CPU
		{9813CD88-4ABD-4A17-9BD9-1E02246061E0}.Release|x64.ActiveCfg = Release|Any CPU
		{9813CD88-4ABD-4A17-9BD9-1E02246061E0}.Release|x64.Build.0 = Release|Any CPU
		{9813CD88-4ABD-4A17-9BD9-1E02246061E0}.Release|x86.ActiveCfg = Release|Any CPU
		{9813CD88-4ABD-4A17-9BD9-1E02246061E0}.Release|x86.Build.0 = Release|Any CPU
		{AD5A25F1-1335-4FAC-9B41-718EA05ACC65}.Debug|Any CPU.ActiveCfg = Debug|Any CPU
		{AD5A25F1-1335-4FAC-9B41-718EA05ACC65}.Debug|Any CPU.Build.0 = Debug|Any CPU
		{AD5A25F1-1335-4FAC-9B41-718EA05ACC65}.Debug|x64.ActiveCfg = Debug|Any CPU
		{AD5A25F1-1335-4FAC-9B41-718EA05ACC65}.Debug|x64.Build.0 = Debug|Any CPU
		{AD5A25F1-1335-4FAC-9B41-718EA05ACC65}.Debug|x86.ActiveCfg = Debug|Any CPU
		{AD5A25F1-1335-4FAC-9B41-718EA05ACC65}.Debug|x86.Build.0 = Debug|Any CPU
		{AD5A25F1-1335-4FAC-9B41-718EA05ACC65}.Release|Any CPU.ActiveCfg = Release|Any CPU
		{AD5A25F1-1335-4FAC-9B41-718EA05ACC65}.Release|Any CPU.Build.0 = Release|Any CPU
		{AD5A25F1-1335-4FAC-9B41-718EA05ACC65}.Release|x64.ActiveCfg = Release|Any CPU
		{AD5A25F1-1335-4FAC-9B41-718EA05ACC65}.Release|x64.Build.0 = Release|Any CPU
		{AD5A25F1-1335-4FAC-9B41-718EA05ACC65}.Release|x86.ActiveCfg = Release|Any CPU
		{AD5A25F1-1335-4FAC-9B41-718EA05ACC65}.Release|x86.Build.0 = Release|Any CPU
		{4F11B8F8-4EBB-437E-9E1A-F98AE20EB5F4}.Debug|Any CPU.ActiveCfg = Debug|Any CPU
		{4F11B8F8-4EBB-437E-9E1A-F98AE20EB5F4}.Debug|Any CPU.Build.0 = Debug|Any CPU
		{4F11B8F8-4EBB-437E-9E1A-F98AE20EB5F4}.Debug|x64.ActiveCfg = Debug|Any CPU
		{4F11B8F8-4EBB-437E-9E1A-F98AE20EB5F4}.Debug|x64.Build.0 = Debug|Any CPU
		{4F11B8F8-4EBB-437E-9E1A-F98AE20EB5F4}.Debug|x86.ActiveCfg = Debug|Any CPU
		{4F11B8F8-4EBB-437E-9E1A-F98AE20EB5F4}.Debug|x86.Build.0 = Debug|Any CPU
		{4F11B8F8-4EBB-437E-9E1A-F98AE20EB5F4}.Release|Any CPU.ActiveCfg = Release|Any CPU
		{4F11B8F8-4EBB-437E-9E1A-F98AE20EB5F4}.Release|Any CPU.Build.0 = Release|Any CPU
		{4F11B8F8-4EBB-437E-9E1A-F98AE20EB5F4}.Release|x64.ActiveCfg = Release|Any CPU
		{4F11B8F8-4EBB-437E-9E1A-F98AE20EB5F4}.Release|x64.Build.0 = Release|Any CPU
		{4F11B8F8-4EBB-437E-9E1A-F98AE20EB5F4}.Release|x86.ActiveCfg = Release|Any CPU
		{4F11B8F8-4EBB-437E-9E1A-F98AE20EB5F4}.Release|x86.Build.0 = Release|Any CPU
		{51C6E039-40FD-4A2C-84C2-DCED4DD6C434}.Debug|Any CPU.ActiveCfg = Debug|Any CPU
		{51C6E039-40FD-4A2C-84C2-DCED4DD6C434}.Debug|Any CPU.Build.0 = Debug|Any CPU
		{51C6E039-40FD-4A2C-84C2-DCED4DD6C434}.Debug|x64.ActiveCfg = Debug|Any CPU
		{51C6E039-40FD-4A2C-84C2-DCED4DD6C434}.Debug|x64.Build.0 = Debug|Any CPU
		{51C6E039-40FD-4A2C-84C2-DCED4DD6C434}.Debug|x86.ActiveCfg = Debug|Any CPU
		{51C6E039-40FD-4A2C-84C2-DCED4DD6C434}.Debug|x86.Build.0 = Debug|Any CPU
		{51C6E039-40FD-4A2C-84C2-DCED4DD6C434}.Release|Any CPU.ActiveCfg = Release|Any CPU
		{51C6E039-40FD-4A2C-84C2-DCED4DD6C434}.Release|Any CPU.Build.0 = Release|Any CPU
		{51C6E039-40FD-4A2C-84C2-DCED4DD6C434}.Release|x64.ActiveCfg = Release|Any CPU
		{51C6E039-40FD-4A2C-84C2-DCED4DD6C434}.Release|x64.Build.0 = Release|Any CPU
		{51C6E039-40FD-4A2C-84C2-DCED4DD6C434}.Release|x86.ActiveCfg = Release|Any CPU
		{51C6E039-40FD-4A2C-84C2-DCED4DD6C434}.Release|x86.Build.0 = Release|Any CPU
		{D408976E-9BCA-4F47-B7C8-87F72AF0229E}.Debug|Any CPU.ActiveCfg = Debug|Any CPU
		{D408976E-9BCA-4F47-B7C8-87F72AF0229E}.Debug|Any CPU.Build.0 = Debug|Any CPU
		{D408976E-9BCA-4F47-B7C8-87F72AF0229E}.Debug|x64.ActiveCfg = Debug|Any CPU
		{D408976E-9BCA-4F47-B7C8-87F72AF0229E}.Debug|x64.Build.0 = Debug|Any CPU
		{D408976E-9BCA-4F47-B7C8-87F72AF0229E}.Debug|x86.ActiveCfg = Debug|Any CPU
		{D408976E-9BCA-4F47-B7C8-87F72AF0229E}.Debug|x86.Build.0 = Debug|Any CPU
		{D408976E-9BCA-4F47-B7C8-87F72AF0229E}.Release|Any CPU.ActiveCfg = Release|Any CPU
		{D408976E-9BCA-4F47-B7C8-87F72AF0229E}.Release|Any CPU.Build.0 = Release|Any CPU
		{D408976E-9BCA-4F47-B7C8-87F72AF0229E}.Release|x64.ActiveCfg = Release|Any CPU
		{D408976E-9BCA-4F47-B7C8-87F72AF0229E}.Release|x64.Build.0 = Release|Any CPU
		{D408976E-9BCA-4F47-B7C8-87F72AF0229E}.Release|x86.ActiveCfg = Release|Any CPU
		{D408976E-9BCA-4F47-B7C8-87F72AF0229E}.Release|x86.Build.0 = Release|Any CPU
		{FDF08A74-A3D9-4573-9FC5-C1A93111AD1C}.Debug|Any CPU.ActiveCfg = Debug|Any CPU
		{FDF08A74-A3D9-4573-9FC5-C1A93111AD1C}.Debug|Any CPU.Build.0 = Debug|Any CPU
		{FDF08A74-A3D9-4573-9FC5-C1A93111AD1C}.Debug|x64.ActiveCfg = Debug|Any CPU
		{FDF08A74-A3D9-4573-9FC5-C1A93111AD1C}.Debug|x64.Build.0 = Debug|Any CPU
		{FDF08A74-A3D9-4573-9FC5-C1A93111AD1C}.Debug|x86.ActiveCfg = Debug|Any CPU
		{FDF08A74-A3D9-4573-9FC5-C1A93111AD1C}.Debug|x86.Build.0 = Debug|Any CPU
		{FDF08A74-A3D9-4573-9FC5-C1A93111AD1C}.Release|Any CPU.ActiveCfg = Release|Any CPU
		{FDF08A74-A3D9-4573-9FC5-C1A93111AD1C}.Release|Any CPU.Build.0 = Release|Any CPU
		{FDF08A74-A3D9-4573-9FC5-C1A93111AD1C}.Release|x64.ActiveCfg = Release|Any CPU
		{FDF08A74-A3D9-4573-9FC5-C1A93111AD1C}.Release|x64.Build.0 = Release|Any CPU
		{FDF08A74-A3D9-4573-9FC5-C1A93111AD1C}.Release|x86.ActiveCfg = Release|Any CPU
		{FDF08A74-A3D9-4573-9FC5-C1A93111AD1C}.Release|x86.Build.0 = Release|Any CPU
		{B9E09AA8-5747-4722-99D8-859298F25653}.Debug|Any CPU.ActiveCfg = Debug|Any CPU
		{B9E09AA8-5747-4722-99D8-859298F25653}.Debug|Any CPU.Build.0 = Debug|Any CPU
		{B9E09AA8-5747-4722-99D8-859298F25653}.Debug|x64.ActiveCfg = Debug|Any CPU
		{B9E09AA8-5747-4722-99D8-859298F25653}.Debug|x64.Build.0 = Debug|Any CPU
		{B9E09AA8-5747-4722-99D8-859298F25653}.Debug|x86.ActiveCfg = Debug|Any CPU
		{B9E09AA8-5747-4722-99D8-859298F25653}.Debug|x86.Build.0 = Debug|Any CPU
		{B9E09AA8-5747-4722-99D8-859298F25653}.Release|Any CPU.ActiveCfg = Release|Any CPU
		{B9E09AA8-5747-4722-99D8-859298F25653}.Release|Any CPU.Build.0 = Release|Any CPU
		{B9E09AA8-5747-4722-99D8-859298F25653}.Release|x64.ActiveCfg = Release|Any CPU
		{B9E09AA8-5747-4722-99D8-859298F25653}.Release|x64.Build.0 = Release|Any CPU
		{B9E09AA8-5747-4722-99D8-859298F25653}.Release|x86.ActiveCfg = Release|Any CPU
		{B9E09AA8-5747-4722-99D8-859298F25653}.Release|x86.Build.0 = Release|Any CPU
		{049F073C-BBEE-49DB-80EB-9A2484F82C39}.Debug|Any CPU.ActiveCfg = Debug|Any CPU
		{049F073C-BBEE-49DB-80EB-9A2484F82C39}.Debug|Any CPU.Build.0 = Debug|Any CPU
		{049F073C-BBEE-49DB-80EB-9A2484F82C39}.Debug|x64.ActiveCfg = Debug|Any CPU
		{049F073C-BBEE-49DB-80EB-9A2484F82C39}.Debug|x64.Build.0 = Debug|Any CPU
		{049F073C-BBEE-49DB-80EB-9A2484F82C39}.Debug|x86.ActiveCfg = Debug|Any CPU
		{049F073C-BBEE-49DB-80EB-9A2484F82C39}.Debug|x86.Build.0 = Debug|Any CPU
		{049F073C-BBEE-49DB-80EB-9A2484F82C39}.Release|Any CPU.ActiveCfg = Release|Any CPU
		{049F073C-BBEE-49DB-80EB-9A2484F82C39}.Release|Any CPU.Build.0 = Release|Any CPU
		{049F073C-BBEE-49DB-80EB-9A2484F82C39}.Release|x64.ActiveCfg = Release|Any CPU
		{049F073C-BBEE-49DB-80EB-9A2484F82C39}.Release|x64.Build.0 = Release|Any CPU
		{049F073C-BBEE-49DB-80EB-9A2484F82C39}.Release|x86.ActiveCfg = Release|Any CPU
		{049F073C-BBEE-49DB-80EB-9A2484F82C39}.Release|x86.Build.0 = Release|Any CPU
		{58722F36-48E8-4763-B03C-C9A91E4D88F1}.Debug|Any CPU.ActiveCfg = Debug|Any CPU
		{58722F36-48E8-4763-B03C-C9A91E4D88F1}.Debug|Any CPU.Build.0 = Debug|Any CPU
		{58722F36-48E8-4763-B03C-C9A91E4D88F1}.Debug|x64.ActiveCfg = Debug|Any CPU
		{58722F36-48E8-4763-B03C-C9A91E4D88F1}.Debug|x64.Build.0 = Debug|Any CPU
		{58722F36-48E8-4763-B03C-C9A91E4D88F1}.Debug|x86.ActiveCfg = Debug|Any CPU
		{58722F36-48E8-4763-B03C-C9A91E4D88F1}.Debug|x86.Build.0 = Debug|Any CPU
		{58722F36-48E8-4763-B03C-C9A91E4D88F1}.Release|Any CPU.ActiveCfg = Release|Any CPU
		{58722F36-48E8-4763-B03C-C9A91E4D88F1}.Release|Any CPU.Build.0 = Release|Any CPU
		{58722F36-48E8-4763-B03C-C9A91E4D88F1}.Release|x64.ActiveCfg = Release|Any CPU
		{58722F36-48E8-4763-B03C-C9A91E4D88F1}.Release|x64.Build.0 = Release|Any CPU
		{58722F36-48E8-4763-B03C-C9A91E4D88F1}.Release|x86.ActiveCfg = Release|Any CPU
		{58722F36-48E8-4763-B03C-C9A91E4D88F1}.Release|x86.Build.0 = Release|Any CPU
		{997A8A57-8B27-4D31-99DA-9A6A43E5A0D0}.Debug|Any CPU.ActiveCfg = Debug|Any CPU
		{997A8A57-8B27-4D31-99DA-9A6A43E5A0D0}.Debug|Any CPU.Build.0 = Debug|Any CPU
		{997A8A57-8B27-4D31-99DA-9A6A43E5A0D0}.Debug|x64.ActiveCfg = Debug|Any CPU
		{997A8A57-8B27-4D31-99DA-9A6A43E5A0D0}.Debug|x64.Build.0 = Debug|Any CPU
		{997A8A57-8B27-4D31-99DA-9A6A43E5A0D0}.Debug|x86.ActiveCfg = Debug|Any CPU
		{997A8A57-8B27-4D31-99DA-9A6A43E5A0D0}.Debug|x86.Build.0 = Debug|Any CPU
		{997A8A57-8B27-4D31-99DA-9A6A43E5A0D0}.Release|Any CPU.ActiveCfg = Release|Any CPU
		{997A8A57-8B27-4D31-99DA-9A6A43E5A0D0}.Release|Any CPU.Build.0 = Release|Any CPU
		{997A8A57-8B27-4D31-99DA-9A6A43E5A0D0}.Release|x64.ActiveCfg = Release|Any CPU
		{997A8A57-8B27-4D31-99DA-9A6A43E5A0D0}.Release|x64.Build.0 = Release|Any CPU
		{997A8A57-8B27-4D31-99DA-9A6A43E5A0D0}.Release|x86.ActiveCfg = Release|Any CPU
		{997A8A57-8B27-4D31-99DA-9A6A43E5A0D0}.Release|x86.Build.0 = Release|Any CPU
		{2FCE1E47-3EFE-41E0-B96C-4C6BFE6A7126}.Debug|Any CPU.ActiveCfg = Debug|Any CPU
		{2FCE1E47-3EFE-41E0-B96C-4C6BFE6A7126}.Debug|Any CPU.Build.0 = Debug|Any CPU
		{2FCE1E47-3EFE-41E0-B96C-4C6BFE6A7126}.Debug|x64.ActiveCfg = Debug|Any CPU
		{2FCE1E47-3EFE-41E0-B96C-4C6BFE6A7126}.Debug|x64.Build.0 = Debug|Any CPU
		{2FCE1E47-3EFE-41E0-B96C-4C6BFE6A7126}.Debug|x86.ActiveCfg = Debug|Any CPU
		{2FCE1E47-3EFE-41E0-B96C-4C6BFE6A7126}.Debug|x86.Build.0 = Debug|Any CPU
		{2FCE1E47-3EFE-41E0-B96C-4C6BFE6A7126}.Release|Any CPU.ActiveCfg = Release|Any CPU
		{2FCE1E47-3EFE-41E0-B96C-4C6BFE6A7126}.Release|Any CPU.Build.0 = Release|Any CPU
		{2FCE1E47-3EFE-41E0-B96C-4C6BFE6A7126}.Release|x64.ActiveCfg = Release|Any CPU
		{2FCE1E47-3EFE-41E0-B96C-4C6BFE6A7126}.Release|x64.Build.0 = Release|Any CPU
		{2FCE1E47-3EFE-41E0-B96C-4C6BFE6A7126}.Release|x86.ActiveCfg = Release|Any CPU
		{2FCE1E47-3EFE-41E0-B96C-4C6BFE6A7126}.Release|x86.Build.0 = Release|Any CPU
	EndGlobalSection
	GlobalSection(SolutionProperties) = preSolution
		HideSolutionNode = FALSE
	EndGlobalSection
	GlobalSection(NestedProjects) = preSolution
		{9048EB7F-3875-A59E-E36B-5BD4C6F2A282} = {827E0CD3-B72D-47B6-A68D-7590B98EB39B}
		{B8740B69-1E52-45FA-8F5F-85EA63D9703C} = {9048EB7F-3875-A59E-E36B-5BD4C6F2A282}
		{C8E42992-5E42-0C2B-DBFE-AA848D06431C} = {827E0CD3-B72D-47B6-A68D-7590B98EB39B}
		{80676347-7BE7-48D9-8B2A-60BBE564109A} = {C8E42992-5E42-0C2B-DBFE-AA848D06431C}
		{EC447DCF-ABFA-6E24-52A5-D7FD48A5C558} = {827E0CD3-B72D-47B6-A68D-7590B98EB39B}
		{C1477DD9-B9A6-C1BE-E703-9DE1A9AB75E3} = {EC447DCF-ABFA-6E24-52A5-D7FD48A5C558}
		{158F57A2-C6C0-428C-A927-8EE626944610} = {C1477DD9-B9A6-C1BE-E703-9DE1A9AB75E3}
		{FC0D8A46-3DC7-E91E-C357-28F70C4DB3C6} = {EC447DCF-ABFA-6E24-52A5-D7FD48A5C558}
		{B9482C43-0C36-4549-B58B-FF7C1D934197} = {FC0D8A46-3DC7-E91E-C357-28F70C4DB3C6}
		{4476F213-2463-C852-3A25-F73BA4167726} = {EC447DCF-ABFA-6E24-52A5-D7FD48A5C558}
		{9813CD88-4ABD-4A17-9BD9-1E02246061E0} = {4476F213-2463-C852-3A25-F73BA4167726}
		{0EEE49B8-24C3-BC7B-5D73-63893A9B4D1C} = {EC447DCF-ABFA-6E24-52A5-D7FD48A5C558}
		{AD5A25F1-1335-4FAC-9B41-718EA05ACC65} = {0EEE49B8-24C3-BC7B-5D73-63893A9B4D1C}
		{B7463ED5-7AE9-C615-C175-EB79B272378A} = {EC447DCF-ABFA-6E24-52A5-D7FD48A5C558}
		{4F11B8F8-4EBB-437E-9E1A-F98AE20EB5F4} = {B7463ED5-7AE9-C615-C175-EB79B272378A}
		{C8A5DB89-FEB2-74E9-1067-6A4E942BC9A6} = {EC447DCF-ABFA-6E24-52A5-D7FD48A5C558}
		{51C6E039-40FD-4A2C-84C2-DCED4DD6C434} = {C8A5DB89-FEB2-74E9-1067-6A4E942BC9A6}
		{9906B968-5002-AF8B-537C-B50DE329B477} = {EC447DCF-ABFA-6E24-52A5-D7FD48A5C558}
		{D408976E-9BCA-4F47-B7C8-87F72AF0229E} = {9906B968-5002-AF8B-537C-B50DE329B477}
		{0EC62A1A-9858-3A60-8A0C-FC9AACFA2EC7} = {EC447DCF-ABFA-6E24-52A5-D7FD48A5C558}
		{FDF08A74-A3D9-4573-9FC5-C1A93111AD1C} = {0EC62A1A-9858-3A60-8A0C-FC9AACFA2EC7}
		{A64175F6-D054-87AC-1CC7-8EC2F2D119BA} = {EC447DCF-ABFA-6E24-52A5-D7FD48A5C558}
		{B9E09AA8-5747-4722-99D8-859298F25653} = {A64175F6-D054-87AC-1CC7-8EC2F2D119BA}
		{CD0E0E9C-C4DF-54D1-2322-7FE86DEB1CF1} = {EC447DCF-ABFA-6E24-52A5-D7FD48A5C558}
		{049F073C-BBEE-49DB-80EB-9A2484F82C39} = {CD0E0E9C-C4DF-54D1-2322-7FE86DEB1CF1}
		{7BF07D46-ADA1-7B75-258F-925015F80633} = {EC447DCF-ABFA-6E24-52A5-D7FD48A5C558}
		{58722F36-48E8-4763-B03C-C9A91E4D88F1} = {7BF07D46-ADA1-7B75-258F-925015F80633}
		{997A8A57-8B27-4D31-99DA-9A6A43E5A0D0} = {827E0CD3-B72D-47B6-A68D-7590B98EB39B}
		{55CB054A-9FFF-99E3-F5F6-93937756980C} = {EC447DCF-ABFA-6E24-52A5-D7FD48A5C558}
		{2FCE1E47-3EFE-41E0-B96C-4C6BFE6A7126} = {55CB054A-9FFF-99E3-F5F6-93937756980C}
	EndGlobalSection
EndGlobal
